
Microsoft Visual Studio Solution File, Format Version 12.00
# Visual Studio Version 17
VisualStudioVersion = 17.0.31903.59
MinimumVisualStudioVersion = 10.0.40219.1
Project("{FAE04EC0-301F-11D3-BF4B-00C04F79EFBC}") = "API", "API\API.csproj", "{28F38B99-B5E4-43EA-BB1A-5C8788F5CB51}"
EndProject
Project("{FAE04EC0-301F-11D3-BF4B-00C04F79EFBC}") = "Application", "Application\Application.csproj", "{F327356F-14C9-49DE-B297-05CCB7A46768}"
EndProject
Project("{FAE04EC0-301F-11D3-BF4B-00C04F79EFBC}") = "Domain", "Domain\Domain.csproj", "{1083145B-CD8D-43E6-991F-158C9AA2D53D}"
EndProject
Project("{FAE04EC0-301F-11D3-BF4B-00C04F79EFBC}") = "Persistence", "Persistence\Persistence.csproj", "{D10E372D-87D9-4B61-8D50-765F078C60DF}"
EndProject
Global
	GlobalSection(SolutionConfigurationPlatforms) = preSolution
		Debug|Any CPU = Debug|Any CPU
		Release|Any CPU = Release|Any CPU
	EndGlobalSection
	GlobalSection(SolutionProperties) = preSolution
		HideSolutionNode = FALSE
	EndGlobalSection
	GlobalSection(ProjectConfigurationPlatforms) = postSolution
		{28F38B99-B5E4-43EA-BB1A-5C8788F5CB51}.Debug|Any CPU.ActiveCfg = Debug|Any CPU
		{28F38B99-B5E4-43EA-BB1A-5C8788F5CB51}.Debug|Any CPU.Build.0 = Debug|Any CPU
		{28F38B99-B5E4-43EA-BB1A-5C8788F5CB51}.Release|Any CPU.ActiveCfg = Release|Any CPU
		{28F38B99-B5E4-43EA-BB1A-5C8788F5CB51}.Release|Any CPU.Build.0 = Release|Any CPU
		{F327356F-14C9-49DE-B297-05CCB7A46768}.Debug|Any CPU.ActiveCfg = Debug|Any CPU
		{F327356F-14C9-49DE-B297-05CCB7A46768}.Debug|Any CPU.Build.0 = Debug|Any CPU
		{F327356F-14C9-49DE-B297-05CCB7A46768}.Release|Any CPU.ActiveCfg = Release|Any CPU
		{F327356F-14C9-49DE-B297-05CCB7A46768}.Release|Any CPU.Build.0 = Release|Any CPU
		{1083145B-CD8D-43E6-991F-158C9AA2D53D}.Debug|Any CPU.ActiveCfg = Debug|Any CPU
		{1083145B-CD8D-43E6-991F-158C9AA2D53D}.Debug|Any CPU.Build.0 = Debug|Any CPU
		{1083145B-CD8D-43E6-991F-158C9AA2D53D}.Release|Any CPU.ActiveCfg = Release|Any CPU
		{1083145B-CD8D-43E6-991F-158C9AA2D53D}.Release|Any CPU.Build.0 = Release|Any CPU
		{D10E372D-87D9-4B61-8D50-765F078C60DF}.Debug|Any CPU.ActiveCfg = Debug|Any CPU
		{D10E372D-87D9-4B61-8D50-765F078C60DF}.Debug|Any CPU.Build.0 = Debug|Any CPU
		{D10E372D-87D9-4B61-8D50-765F078C60DF}.Release|Any CPU.ActiveCfg = Release|Any CPU
		{D10E372D-87D9-4B61-8D50-765F078C60DF}.Release|Any CPU.Build.0 = Release|Any CPU
	EndGlobalSection
EndGlobal
